{
  "name": "4chan-x-yt-playlist",
  "lockfileVersion": 3,
  "requires": true,
  "packages": {
    "": {
      "dependencies": {
        "@types/youtube": "^0.0.50",
        "@violentmonkey/types": "^0.1.7"
      },
      "devDependencies": {
        "typescript": "^5.4.5"
      }
    },
    "node_modules/@types/youtube": {
      "version": "0.0.50",
      "resolved": "https://registry.npmjs.org/@types/youtube/-/youtube-0.0.50.tgz",
      "integrity": "sha512-d4GpH4uPYp9W07kc487tiq6V/EUHl18vZWFMbQoe4Sk9LXEWzFi/BMf9x7TI4m7/j7gU3KeX8H6M8aPBgykeLw=="
    },
    "node_modules/@violentmonkey/types": {
      "version": "0.1.7",
      "resolved": "https://registry.npmjs.org/@violentmonkey/types/-/types-0.1.7.tgz",
      "integrity": "sha512-1czfk2Kevw8KlUCbqnzNJBtIJiSG0y3s3hHT12D08OivyNGO2OioKsfJ7BedRFE4KkxRDudf33K2xxDhRtQp+g=="
    },
    "node_modules/typescript": {
      "version": "5.4.5",
      "resolved": "https://registry.npmjs.org/typescript/-/typescript-5.4.5.tgz",
      "integrity": "sha512-vcI4UpRgg81oIRUFwR0WSIHKt11nJ7SAVlYNIu+QpqeyXP+gpQJy/Z4+F0aGxSE4MqwjyXvW/TzgkLAx2AGHwQ==",
      "dev": true,
      "bin": {
        "tsc": "bin/tsc",
        "tsserver": "bin/tsserver"
      },
      "engines": {
        "node": ">=14.17"
      }
    }
  }
}
